github.com/banch0/core v0.0.0-20200213193523-cce735dd1306 h1:7AAZdctCpBhqbE5JKaILpnANiOG3fExtmeoJnJqdXec=
github.com/banch0/core v0.0.0-20200213193523-cce735dd1306/go.mod h1:KnxvHn9FqDf9q/4uu0GtKlBW7ICSZDPfg+/uzySWP64=
github.com/davecgh/go-spew v1.1.0/go.mod h1:J7Y8YcW2NihsgmVo/mv3lAwl/skON4iLHjSsI+c5H38=
github.com/gookit/color v1.2.2 h1:IPG03BHqn23rgU597fFC8UNdlvEbQrZxYQyZqE0wkDw=
github.com/gookit/color v1.2.2/go.mod h1:AhIE+pS6D4Ql0SQWbBeXPHw7gY0/sjHoA4s/n1KB7xg=
github.com/pmezard/go-difflib v1.0.0/go.mod h1:iKH77koFhYxTK1pcRnkKkqfTogsbg7gZNVY4sRDYZ/4=
github.com/stretchr/objx v0.1.0/go.mod h1:HFkY916IF+rwdDfMAkV7OtwuqBVzrE8GR6GFx+wExME=
github.com/stretchr/testify v1.3.0/go.mod h1:M5WIy9Dh21IEIfnGCwXGc5bZfKNJtfHm1UVUgZn+9EI=
